<Solution>
  <Folder Name="/0-Domain/">
    <Project Path="SchedulePlanner.Core.Tests/SchedulePlanner.Core.Tests.csproj" Id="5d576b3f-1bb3-4281-a299-de618c3b74b3" />
    <Project Path="SchedulePlanner.Core/SchedulePlanner.Core.csproj" Id="cfe13b9d-ba98-4f55-9dd6-4b76c4afa375" />
  </Folder>
  <Folder Name="/1-Application/">
    <Project Path="SchedulePlanner.ImportExport/SchedulePlanner.ImportExport.csproj" Id="08c765d9-5e66-4256-bbb1-40e37046e15c" />
  </Folder>
  <Folder Name="/2-Presentation/">
    <Project Path="SchedulePlanner.Cli/SchedulePlanner.Cli.csproj" Id="f0f3dfa0-e85b-4cff-9a2d-f06b9568b3df" />
    <Project Path="SchedulePlanner.Worker/SchedulePlanner.Worker.csproj" Id="953900ae-622b-4d25-8e69-d570b3fadfb6" />
    <Project Path="SchedulePlanner.Wpf/SchedulePlanner.Wpf.csproj" Id="67587dd2-4158-4ea2-a955-0c4b586dceaa" />
  </Folder>
</Solution>
