<Solution>
  <Project Path="SchedulePlanner.App/SchedulePlanner.App.csproj" />
  <Project Path="SchedulePlanner.AppHost/SchedulePlanner.AppHost.csproj" Id="b441eae6-fc6e-4181-a612-21ece3ada518" />
  <Project Path="SchedulePlanner.Cli/SchedulePlanner.Cli.csproj" Id="f0f3dfa0-e85b-4cff-9a2d-f06b9568b3df" />
  <Project Path="SchedulePlanner.Core/SchedulePlanner.Core.csproj" Id="cfe13b9d-ba98-4f55-9dd6-4b76c4afa375" />
  <Project Path="SchedulePlanner.ImportExport/SchedulePlanner.ImportExport.csproj" Id="08c765d9-5e66-4256-bbb1-40e37046e15c" />
</Solution>
